
Microsoft Visual Studio Solution File, Format Version 12.00
# Visual Studio Version 17
VisualStudioVersion = 17.2.32519.379
MinimumVisualStudioVersion = 10.0.40219.1
Project("{FAE04EC0-301F-11D3-BF4B-00C04F79EFBC}") = "Unit16Final", "Unit16Final\Unit16Final.csproj", "{70F70C4A-7712-4917-8D68-C90E345ECAB0}"
EndProject
Project("{FAE04EC0-301F-11D3-BF4B-00C04F79EFBC}") = "Unit16Final.Tests", "Unit16Final.Tests\Unit16Final.Tests.csproj", "{DC589058-A34E-465C-92AD-F917430E3D9D}"
EndProject
Global
	GlobalSection(SolutionConfigurationPlatforms) = preSolution
		Debug|Any CPU = Debug|Any CPU
		Release|Any CPU = Release|Any CPU
	EndGlobalSection
	GlobalSection(ProjectConfigurationPlatforms) = postSolution
		{70F70C4A-7712-4917-8D68-C90E345ECAB0}.Debug|Any CPU.ActiveCfg = Debug|Any CPU
		{70F70C4A-7712-4917-8D68-C90E345ECAB0}.Debug|Any CPU.Build.0 = Debug|Any CPU
		{70F70C4A-7712-4917-8D68-C90E345ECAB0}.Release|Any CPU.ActiveCfg = Release|Any CPU
		{70F70C4A-7712-4917-8D68-C90E345ECAB0}.Release|Any CPU.Build.0 = Release|Any CPU
		{DC589058-A34E-465C-92AD-F917430E3D9D}.Debug|Any CPU.ActiveCfg = Debug|Any CPU
		{DC589058-A34E-465C-92AD-F917430E3D9D}.Debug|Any CPU.Build.0 = Debug|Any CPU
		{DC589058-A34E-465C-92AD-F917430E3D9D}.Release|Any CPU.ActiveCfg = Release|Any CPU
		{DC589058-A34E-465C-92AD-F917430E3D9D}.Release|Any CPU.Build.0 = Release|Any CPU
	EndGlobalSection
	GlobalSection(SolutionProperties) = preSolution
		HideSolutionNode = FALSE
	EndGlobalSection
	GlobalSection(ExtensibilityGlobals) = postSolution
		SolutionGuid = {70B1FBF0-6A58-4A17-AAB5-D7293E9D409F}
	EndGlobalSection
EndGlobal
